
Microsoft Visual Studio Solution File, Format Version 12.00
# Visual Studio Version 17
VisualStudioVersion = 17.4.33213.308
MinimumVisualStudioVersion = 10.0.40219.1
Project("{FAE04EC0-301F-11D3-BF4B-00C04F79EFBC}") = "calculator", "calculator\calculator.csproj", "{B382FC5D-45D9-4551-8EF6-AC9B875D7165}"
EndProject
Global
	GlobalSection(SolutionConfigurationPlatforms) = preSolution
		Debug|Any CPU = Debug|Any CPU
		Release|Any CPU = Release|Any CPU
	EndGlobalSection
	GlobalSection(ProjectConfigurationPlatforms) = postSolution
		{B382FC5D-45D9-4551-8EF6-AC9B875D7165}.Debug|Any CPU.ActiveCfg = Debug|Any CPU
		{B382FC5D-45D9-4551-8EF6-AC9B875D7165}.Debug|Any CPU.Build.0 = Debug|Any CPU
		{B382FC5D-45D9-4551-8EF6-AC9B875D7165}.Release|Any CPU.ActiveCfg = Release|Any CPU
		{B382FC5D-45D9-4551-8EF6-AC9B875D7165}.Release|Any CPU.Build.0 = Release|Any CPU
	EndGlobalSection
	GlobalSection(SolutionProperties) = preSolution
		HideSolutionNode = FALSE
	EndGlobalSection
	GlobalSection(ExtensibilityGlobals) = postSolution
		SolutionGuid = {193A44D7-8256-42D3-8A82-64ED8A98AFC4}
	EndGlobalSection
EndGlobal
